
Microsoft Visual Studio Solution File, Format Version 12.00
# Visual Studio Version 16
VisualStudioVersion = 16.0.30225.117
MinimumVisualStudioVersion = 10.0.40219.1
Project("{FAE04EC0-301F-11D3-BF4B-00C04F79EFBC}") = "MockStarterConsole", "MockStarterConsole\MockStarterConsole.csproj", "{7C4F73E0-2063-4C3B-8B7C-ABCEE944D499}"
EndProject
Global
	GlobalSection(SolutionConfigurationPlatforms) = preSolution
		Debug|Any CPU = Debug|Any CPU
		Release|Any CPU = Release|Any CPU
	EndGlobalSection
	GlobalSection(ProjectConfigurationPlatforms) = postSolution
		{7C4F73E0-2063-4C3B-8B7C-ABCEE944D499}.Debug|Any CPU.ActiveCfg = Debug|Any CPU
		{7C4F73E0-2063-4C3B-8B7C-ABCEE944D499}.Debug|Any CPU.Build.0 = Debug|Any CPU
		{7C4F73E0-2063-4C3B-8B7C-ABCEE944D499}.Release|Any CPU.ActiveCfg = Release|Any CPU
		{7C4F73E0-2063-4C3B-8B7C-ABCEE944D499}.Release|Any CPU.Build.0 = Release|Any CPU
	EndGlobalSection
	GlobalSection(SolutionProperties) = preSolution
		HideSolutionNode = FALSE
	EndGlobalSection
	GlobalSection(ExtensibilityGlobals) = postSolution
		SolutionGuid = {82E3DBD1-47B9-48DF-AD67-B053E635F62C}
	EndGlobalSection
EndGlobal
